# This file was autogenerated by uv via the following command:
#    uv pip compile --universal requirements-dev.txt -o requirements-dev.lock
certifi==2026.7.22
    # via requests
charset-normalizer==3.4.9
    # via requests
colorama==0.4.6 ; sys_platform == 'win32'
    # via pytest
docker==7.2.0
    # via testcontainers
idna==3.18
    # via requests
iniconfig==2.3.0
    # via pytest
packaging==26.2
    # via pytest
pluggy==1.6.0
    # via pytest
pygments==2.20.0
    # via pytest
pytest==9.1.1
    # via
    #   -r requirements-dev.txt
    #   pytest-asyncio
pytest-asyncio==1.4.0
    # via -r requirements-dev.txt
python-dotenv==1.2.2
    # via testcontainers
pywin32==312 ; sys_platform == 'win32'
    # via docker
requests==2.34.2
    # via docker
testcontainers==4.14.2
    # via -r requirements-dev.txt
typing-extensions==4.16.0
    # via
    #   pytest-asyncio
    #   testcontainers
urllib3==2.7.0
    # via
    #   docker
    #   requests
    #   testcontainers
wrapt==2.2.2
    # via testcontainers
